PackratFormat: 1.4
PackratVersion: 0.4.8.1
RVersion: 3.3.2
Repos: CRAN=https://cran.uni-muenster.de

Package: BH
Source: CRAN
Version: 1.62.0-1

Package: DBI
Source: CRAN
Version: 0.7
Hash: 1ab72df487f06ad5f0de05446cdd4bd6

Package: DT
Source: CRAN
Version: 0.2
Requires: htmltools, htmlwidgets, magrittr
Hash: 36b032203797956fedad5a25055016a9

Package: FNN
Source: CRAN
Version: 1.1
Hash: c057509dc46a5303c20514f256f79a5e

Package: R6
Source: CRAN
Version: 2.2.1
Hash: 530f0b839551f96ec991ce4f93156ee1

Package: RCurl
Source: CRAN
Version: 1.95-4.8
Requires: bitops
Hash: 79c7d5a8684e44e0e3426d3093aa7d90

Package: RSQLite
Source: CRAN
Version: 2.0
Requires: BH, DBI, Rcpp, bit64, blob, memoise, pkgconfig, plogr
Hash: 4a5b22207d2176cae55ed9e0856660b3

Package: Rcpp
Source: CRAN
Version: 0.12.12
Hash: 8b3d5ebb9a9a4ab5c86b3a81b0cfb774

Package: bit
Source: CRAN
Version: 1.1-12
Hash: a4cdb11cf9fd6dd38f9f40c413b81e93

Package: bit64
Source: CRAN
Version: 0.9-7
Requires: bit
Hash: 4b195615d19ba49c114eb04e09e30a96

Package: bitops
Source: CRAN
Version: 1.0-6
Hash: 67d0775189fd0041d95abca618c5c07e

Package: blob
Source: CRAN
Version: 1.1.0
Requires: tibble
Hash: e29764e47f2faf0cd5b74cbcddc3fa9c

Package: covr
Source: CRAN
Version: 3.0.0
Requires: crayon, httr, jsonlite, rex, withr
Hash: 48fd7b88ecf2dda957c03ea1740b5a43

Package: crayon
Source: CRAN
Version: 1.3.2
Hash: 576a9d297a567d6a5ebd164ca5221590

Package: curl
Source: CRAN
Version: 3.0

Package: digest
Source: CRAN
Version: 0.6.12
Hash: e53fb8c58673df868183697e39a6a4d6

Package: evaluate
Source: CRAN
Version: 0.10.1
Requires: stringr
Hash: 54d95f4ec6d0300100413ed0127d89ae

Package: highr
Source: CRAN
Version: 0.6
Hash: aa3d5b7912b5fed4b546ed5cd2a1760b

Package: htmltools
Source: CRAN
Version: 0.3.6
Requires: Rcpp, digest
Hash: 5b070a04ef8df1953544873db1c5896e

Package: htmlwidgets
Source: CRAN
Version: 0.9
Requires: htmltools, jsonlite, yaml
Hash: 7514f6ea9f3bef6d9b6c945095275302

Package: httpuv
Source: CRAN
Version: 1.3.5
Requires: Rcpp
Hash: 2cc5284565b71276d1faf3d5c043fe4e

Package: httr
Source: CRAN
Version: 1.3.1
Requires: R6, curl, jsonlite, mime, openssl

Package: jsonlite
Source: CRAN
Version: 1.5
Hash: 9c51936d8dd00b2f1d4fe9d10499694c

Package: lazyeval
Source: CRAN
Version: 0.2.0

Package: magrittr
Source: CRAN
Version: 1.5
Hash: bdc4d48c3135e8f3b399536ddf160df4

Package: markdown
Source: CRAN
Version: 0.8
Requires: mime
Hash: 045d7c594d503b41f1c28946d076c8aa

Package: memoise
Source: CRAN
Version: 1.1.0
Requires: digest

Package: mime
Source: CRAN
Version: 0.5
Hash: 463550cf44fb6f0a2359368f42eebe62

Package: openssl
Source: CRAN
Version: 0.9.7
Hash: 225d43f64f60e8996d10efe15b381c66

Package: packrat
Source: CRAN
Version: 0.4.8-1
Hash: 6ad605ba7b4b476d84be6632393f5765

Package: pkgconfig
Source: CRAN
Version: 2.0.1
Hash: 0dda4a2654a22b36a715c2b0b6fbacac

Package: plogr
Source: CRAN
Version: 0.1-1
Hash: fb19215402e2d9f1c7f803dcaa806fc2

Package: praise
Source: CRAN
Version: 1.0.0
Hash: 77da8f1df873a4b91e5c4a68fe2fb1b6

Package: rex
Source: CRAN
Version: 1.1.2
Requires: lazyeval, magrittr

Package: rlang
Source: CRAN
Version: 0.1.2
Hash: c17b638e3282aa222a47112d7a60bc66

Package: scrypt
Source: github
Version: 0.1.2
Requires: Rcpp
Hash: e35a76aadcd508ab0b0f5a50cd6285f5
GithubRepo: rscrypt
GithubUsername: rstudio
GithubRef: master
GithubSha1: a13f9974f0259be5822b76f5f06461b7038d5fd9

Package: shiny
Source: CRAN
Version: 1.0.4
Requires: R6, digest, htmltools, httpuv, jsonlite, mime, sourcetools,
    xtable
Hash: bb780de024f905a7fcac8a45e6cce14a

Package: sourcetools
Source: CRAN
Version: 0.1.6
Hash: 226d56d7469587da40b0f96180e711b4

Package: stringi
Source: CRAN
Version: 1.1.5

Package: stringr
Source: CRAN
Version: 1.2.0
Requires: magrittr, stringi

Package: testthat
Source: CRAN
Version: 1.0.2
Requires: R6, crayon, digest, magrittr, praise
Hash: 88d5291104227f9dc2e7c7c1d0eb6c74

Package: tibble
Source: CRAN
Version: 1.3.3
Requires: Rcpp, rlang
Hash: 6a18f6da2887d2c4c4a6554027161483

Package: truncnorm
Source: CRAN
Version: 1.0-7
Hash: eefedc58b087a7f09ae770b6e159acb7

Package: whisker
Source: CRAN
Version: 0.3-2
Hash: 803d662762e532705c2c066a82d066e7

Package: withr
Source: CRAN
Version: 2.0.0

Package: xtable
Source: CRAN
Version: 1.8-2
Hash: 7293235cfcc14cdff1ce7fd1a0212031

Package: yaml
Source: CRAN
Version: 2.1.14
Hash: c81230c3a7d9ba20607ad6b4331173d1
